// !$*UTF8*$!
{
	archiveVersion = 1;
	classes = {
	};
	objectVersion = 55;
	objects = {

/* Begin PBXBuildFile section */
		884181592852D94C00FF1CD7 /* HexagonParameters.swift in Sources */ = {isa = PBXBuildFile; fileRef = 884181582852D94C00FF1CD7 /* HexagonParameters.swift */; };
		8841815A2852D94C00FF1CD7 /* HexagonParameters.swift in Sources */ = {isa = PBXBuildFile; fileRef = 884181582852D94C00FF1CD7 /* HexagonParameters.swift */; };
		8841815C2852DBE400FF1CD7 /* BadgeBackground.swift in Sources */ = {isa = PBXBuildFile; fileRef = 8841815B2852DBE400FF1CD7 /* BadgeBackground.swift */; };
		8841815D2852DBE400FF1CD7 /* BadgeBackground.swift in Sources */ = {isa = PBXBuildFile; fileRef = 8841815B2852DBE400FF1CD7 /* BadgeBackground.swift */; };
		88CD0CCA284F9480008E9052 /* MapView.swift in Sources */ = {isa = PBXBuildFile; fileRef = 88CD0CC9284F9480008E9052 /* MapView.swift */; };
		88CD0CCB284F9480008E9052 /* MapView.swift in Sources */ = {isa = PBXBuildFile; fileRef = 88CD0CC9284F9480008E9052 /* MapView.swift */; };
		88CD0CCD284F9C0B008E9052 /* landmarkData.json in Resources */ = {isa = PBXBuildFile; fileRef = 88CD0CCC284F9C0B008E9052 /* landmarkData.json */; };
		88CD0CCF284F9C32008E9052 /* Landmark.swift in Sources */ = {isa = PBXBuildFile; fileRef = 88CD0CCE284F9C32008E9052 /* Landmark.swift */; };
		88CD0CD1284F9F84008E9052 /* ModelData.swift in Sources */ = {isa = PBXBuildFile; fileRef = 88CD0CD0284F9F84008E9052 /* ModelData.swift */; };
		88CD0CD6284FA159008E9052 /* LandmarkRow.swift in Sources */ = {isa = PBXBuildFile; fileRef = 88CD0CD5284FA159008E9052 /* LandmarkRow.swift */; };
		88CD0CD8284FA4E1008E9052 /* LandmarkList.swift in Sources */ = {isa = PBXBuildFile; fileRef = 88CD0CD7284FA4E1008E9052 /* LandmarkList.swift */; };
		88CD0CDA284FA79C008E9052 /* LandmarkDetail.swift in Sources */ = {isa = PBXBuildFile; fileRef = 88CD0CD9284FA79C008E9052 /* LandmarkDetail.swift */; };
		88D3319428517A11006F3BC6 /* FavoriteButton.swift in Sources */ = {isa = PBXBuildFile; fileRef = 88D3319328517A11006F3BC6 /* FavoriteButton.swift */; };
		88DCE6A728541AF10046EB28 /* BadgeSymbol.swift in Sources */ = {isa = PBXBuildFile; fileRef = 88DCE6A628541AF10046EB28 /* BadgeSymbol.swift */; };
		88DCE6A828541AF10046EB28 /* BadgeSymbol.swift in Sources */ = {isa = PBXBuildFile; fileRef = 88DCE6A628541AF10046EB28 /* BadgeSymbol.swift */; };
		88DCE6AA28541C570046EB28 /* RotatedBadgeSymbol.swift in Sources */ = {isa = PBXBuildFile; fileRef = 88DCE6A928541C570046EB28 /* RotatedBadgeSymbol.swift */; };
		88DCE6AB28541C570046EB28 /* RotatedBadgeSymbol.swift in Sources */ = {isa = PBXBuildFile; fileRef = 88DCE6A928541C570046EB28 /* RotatedBadgeSymbol.swift */; };
		88DCE6AD28541E330046EB28 /* Badge.swift in Sources */ = {isa = PBXBuildFile; fileRef = 88DCE6AC28541E330046EB28 /* Badge.swift */; };
		88DCE6AE28541E330046EB28 /* Badge.swift in Sources */ = {isa = PBXBuildFile; fileRef = 88DCE6AC28541E330046EB28 /* Badge.swift */; };
		88E37612284ED443000661C8 /* LandmarksApp.swift in Sources */ = {isa = PBXBuildFile; fileRef = 88E37602284ED441000661C8 /* LandmarksApp.swift */; };
		88E37613284ED443000661C8 /* LandmarksApp.swift in Sources */ = {isa = PBXBuildFile; fileRef = 88E37602284ED441000661C8 /* LandmarksApp.swift */; };
		88E37614284ED443000661C8 /* ContentView.swift in Sources */ = {isa = PBXBuildFile; fileRef = 88E37603284ED441000661C8 /* ContentView.swift */; };
		88E37615284ED443000661C8 /* ContentView.swift in Sources */ = {isa = PBXBuildFile; fileRef = 88E37603284ED441000661C8 /* ContentView.swift */; };
		88E37616284ED443000661C8 /* Assets.xcassets in Resources */ = {isa = PBXBuildFile; fileRef = 88E37604284ED443000661C8 /* Assets.xcassets */; };
		88E37617284ED443000661C8 /* Assets.xcassets in Resources */ = {isa = PBXBuildFile; fileRef = 88E37604284ED443000661C8 /* Assets.xcassets */; };
		88E37621284ED8FB000661C8 /* CircleImage.swift in Sources */ = {isa = PBXBuildFile; fileRef = 88E37620284ED8FB000661C8 /* CircleImage.swift */; };
		88E37622284ED8FB000661C8 /* CircleImage.swift in Sources */ = {isa = PBXBuildFile; fileRef = 88E37620284ED8FB000661C8 /* CircleImage.swift */; };
/* End PBXBuildFile section */

/* Begin PBXFileReference section */
		884181582852D94C00FF1CD7 /* HexagonParameters.swift */ = {isa = PBXFileReference; lastKnownFileType = sourcecode.swift; path = HexagonParameters.swift; sourceTree = "<group>"; };
		8841815B2852DBE400FF1CD7 /* BadgeBackground.swift */ = {isa = PBXFileReference; lastKnownFileType = sourcecode.swift; path = BadgeBackground.swift; sourceTree = "<group>"; };
		88CD0CC9284F9480008E9052 /* MapView.swift */ = {isa = PBXFileReference; lastKnownFileType = sourcecode.swift; path = MapView.swift; sourceTree = "<group>"; };
		88CD0CCC284F9C0B008E9052 /* landmarkData.json */ = {isa = PBXFileReference; fileEncoding = 4; lastKnownFileType = text.json; path = landmarkData.json; sourceTree = "<group>"; };
		88CD0CCE284F9C32008E9052 /* Landmark.swift */ = {isa = PBXFileReference; lastKnownFileType = sourcecode.swift; path = Landmark.swift; sourceTree = "<group>"; };
		88CD0CD0284F9F84008E9052 /* ModelData.swift */ = {isa = PBXFileReference; lastKnownFileType = sourcecode.swift; path = ModelData.swift; sourceTree = "<group>"; };
		88CD0CD5284FA159008E9052 /* LandmarkRow.swift */ = {isa = PBXFileReference; lastKnownFileType = sourcecode.swift; path = LandmarkRow.swift; sourceTree = "<group>"; };
		88CD0CD7284FA4E1008E9052 /* LandmarkList.swift */ = {isa = PBXFileReference; lastKnownFileType = sourcecode.swift; path = LandmarkList.swift; sourceTree = "<group>"; };
		88CD0CD9284FA79C008E9052 /* LandmarkDetail.swift */ = {isa = PBXFileReference; lastKnownFileType = sourcecode.swift; path = LandmarkDetail.swift; sourceTree = "<group>"; };
		88D3319328517A11006F3BC6 /* FavoriteButton.swift */ = {isa = PBXFileReference; lastKnownFileType = sourcecode.swift; path = FavoriteButton.swift; sourceTree = "<group>"; };
		88DCE6A628541AF10046EB28 /* BadgeSymbol.swift */ = {isa = PBXFileReference; lastKnownFileType = sourcecode.swift; path = BadgeSymbol.swift; sourceTree = "<group>"; };
		88DCE6A928541C570046EB28 /* RotatedBadgeSymbol.swift */ = {isa = PBXFileReference; lastKnownFileType = sourcecode.swift; path = RotatedBadgeSymbol.swift; sourceTree = "<group>"; };
		88DCE6AC28541E330046EB28 /* Badge.swift */ = {isa = PBXFileReference; lastKnownFileType = sourcecode.swift; path = Badge.swift; sourceTree = "<group>"; };
		88E37602284ED441000661C8 /* LandmarksApp.swift */ = {isa = PBXFileReference; lastKnownFileType = sourcecode.swift; path = LandmarksApp.swift; sourceTree = "<group>"; };
		88E37603284ED441000661C8 /* ContentView.swift */ = {isa = PBXFileReference; lastKnownFileType = sourcecode.swift; path = ContentView.swift; sourceTree = "<group>"; };
		88E37604284ED443000661C8 /* Assets.xcassets */ = {isa = PBXFileReference; lastKnownFileType = folder.assetcatalog; path = Assets.xcassets; sourceTree = "<group>"; };
		88E37609284ED443000661C8 /* Landmarks.app */ = {isa = PBXFileReference; explicitFileType = wrapper.application; includeInIndex = 0; path = Landmarks.app; sourceTree = BUILT_PRODUCTS_DIR; };
		88E3760F284ED443000661C8 /* Landmarks.app */ = {isa = PBXFileReference; explicitFileType = wrapper.application; includeInIndex = 0; path = Landmarks.app; sourceTree = BUILT_PRODUCTS_DIR; };
		88E37611284ED443000661C8 /* macOS.entitlements */ = {isa = PBXFileReference; lastKnownFileType = text.plist.entitlements; path = macOS.entitlements; sourceTree = "<group>"; };
		88E37620284ED8FB000661C8 /* CircleImage.swift */ = {isa = PBXFileReference; lastKnownFileType = sourcecode.swift; path = CircleImage.swift; sourceTree = "<group>"; };
/* End PBXFileReference section */

/* Begin PBXFrameworksBuildPhase section */
		88E37606284ED443000661C8 /* Frameworks */ = {
			isa = PBXFrameworksBuildPhase;
			buildActionMask = 2147483647;
			files = (
			);
			runOnlyForDeploymentPostprocessing = 0;
		};
		88E3760C284ED443000661C8 /* Frameworks */ = {
			isa = PBXFrameworksBuildPhase;
			buildActionMask = 2147483647;
			files = (
			);
			runOnlyForDeploymentPostprocessing = 0;
		};
/* End PBXFrameworksBuildPhase section */

/* Begin PBXGroup section */
		88CD0CD2284FA098008E9052 /* Views */ = {
			isa = PBXGroup;
			children = (
				88E37603284ED441000661C8 /* ContentView.swift */,
				88D3319528517F86006F3BC6 /* Helpers */,
				88D3319628517F98006F3BC6 /* Landmarks */,
				88DCE6AF285422590046EB28 /* Badges */,
			);
			path = Views;
			sourceTree = "<group>";
		};
		88CD0CD3284FA0AF008E9052 /* Model */ = {
			isa = PBXGroup;
			children = (
				88CD0CCE284F9C32008E9052 /* Landmark.swift */,
				88CD0CD0284F9F84008E9052 /* ModelData.swift */,
			);
			path = Model;
			sourceTree = "<group>";
		};
		88CD0CD4284FA0BC008E9052 /* Resources */ = {
			isa = PBXGroup;
			children = (
				88CD0CCC284F9C0B008E9052 /* landmarkData.json */,
			);
			path = Resources;
			sourceTree = "<group>";
		};
		88D3319528517F86006F3BC6 /* Helpers */ = {
			isa = PBXGroup;
			children = (
				88E37620284ED8FB000661C8 /* CircleImage.swift */,
				88CD0CC9284F9480008E9052 /* MapView.swift */,
				88D3319328517A11006F3BC6 /* FavoriteButton.swift */,
			);
			path = Helpers;
			sourceTree = "<group>";
		};
		88D3319628517F98006F3BC6 /* Landmarks */ = {
			isa = PBXGroup;
			children = (
				88CD0CD5284FA159008E9052 /* LandmarkRow.swift */,
				88CD0CD7284FA4E1008E9052 /* LandmarkList.swift */,
				88CD0CD9284FA79C008E9052 /* LandmarkDetail.swift */,
			);
			path = Landmarks;
			sourceTree = "<group>";
		};
		88DCE6AF285422590046EB28 /* Badges */ = {
			isa = PBXGroup;
			children = (
				884181582852D94C00FF1CD7 /* HexagonParameters.swift */,
				8841815B2852DBE400FF1CD7 /* BadgeBackground.swift */,
				88DCE6A628541AF10046EB28 /* BadgeSymbol.swift */,
				88DCE6A928541C570046EB28 /* RotatedBadgeSymbol.swift */,
				88DCE6AC28541E330046EB28 /* Badge.swift */,
			);
			path = Badges;
			sourceTree = "<group>";
		};
		88E375FC284ED441000661C8 = {
			isa = PBXGroup;
			children = (
				88E37601284ED441000661C8 /* Shared */,
				88E37610284ED443000661C8 /* macOS */,
				88E3760A284ED443000661C8 /* Products */,
			);
			sourceTree = "<group>";
		};
		88E37601284ED441000661C8 /* Shared */ = {
			isa = PBXGroup;
			children = (
				88E37602284ED441000661C8 /* LandmarksApp.swift */,
				88E37604284ED443000661C8 /* Assets.xcassets */,
				88CD0CD2284FA098008E9052 /* Views */,
				88CD0CD4284FA0BC008E9052 /* Resources */,
				88CD0CD3284FA0AF008E9052 /* Model */,
			);
			path = Shared;
			sourceTree = "<group>";
		};
		88E3760A284ED443000661C8 /* Products */ = {
			isa = PBXGroup;
			children = (
				88E37609284ED443000661C8 /* Landmarks.app */,
				88E3760F284ED443000661C8 /* Landmarks.app */,
			);
			name = Products;
			sourceTree = "<group>";
		};
		88E37610284ED443000661C8 /* macOS */ = {
			isa = PBXGroup;
			children = (
				88E37611284ED443000661C8 /* macOS.entitlements */,
			);
			path = macOS;
			sourceTree = "<group>";
		};
/* End PBXGroup section */

/* Begin PBXNativeTarget section */
		88E37608284ED443000661C8 /* Landmarks (iOS) */ = {
			isa = PBXNativeTarget;
			buildConfigurationList = 88E3761A284ED443000661C8 /* Build configuration list for PBXNativeTarget "Landmarks (iOS)" */;
			buildPhases = (
				88E37605284ED443000661C8 /* Sources */,
				88E37606284ED443000661C8 /* Frameworks */,
				88E37607284ED443000661C8 /* Resources */,
			);
			buildRules = (
			);
			dependencies = (
			);
			name = "Landmarks (iOS)";
			productName = "Landmarks (iOS)";
			productReference = 88E37609284ED443000661C8 /* Landmarks.app */;
			productType = "com.apple.product-type.application";
		};
		88E3760E284ED443000661C8 /* Landmarks (macOS) */ = {
			isa = PBXNativeTarget;
			buildConfigurationList = 88E3761D284ED443000661C8 /* Build configuration list for PBXNativeTarget "Landmarks (macOS)" */;
			buildPhases = (
				88E3760B284ED443000661C8 /* Sources */,
				88E3760C284ED443000661C8 /* Frameworks */,
				88E3760D284ED443000661C8 /* Resources */,
			);
			buildRules = (
			);
			dependencies = (
			);
			name = "Landmarks (macOS)";
			productName = "Landmarks (macOS)";
			productReference = 88E3760F284ED443000661C8 /* Landmarks.app */;
			productType = "com.apple.product-type.application";
		};
/* End PBXNativeTarget section */

/* Begin PBXProject section */
		88E375FD284ED441000661C8 /* Project object */ = {
			isa = PBXProject;
			attributes = {
				BuildIndependentTargetsInParallel = 1;
				LastSwiftUpdateCheck = 1340;
				LastUpgradeCheck = 1340;
				TargetAttributes = {
					88E37608284ED443000661C8 = {
						CreatedOnToolsVersion = 13.4.1;
					};
					88E3760E284ED443000661C8 = {
						CreatedOnToolsVersion = 13.4.1;
					};
				};
			};
			buildConfigurationList = 88E37600284ED441000661C8 /* Build configuration list for PBXProject "Landmarks" */;
			compatibilityVersion = "Xcode 13.0";
			developmentRegion = en;
			hasScannedForEncodings = 0;
			knownRegions = (
				en,
				Base,
			);
			mainGroup = 88E375FC284ED441000661C8;
			productRefGroup = 88E3760A284ED443000661C8 /* Products */;
			projectDirPath = "";
			projectRoot = "";
			targets = (
				88E37608284ED443000661C8 /* Landmarks (iOS) */,
				88E3760E284ED443000661C8 /* Landmarks (macOS) */,
			);
		};
/* End PBXProject section */

/* Begin PBXResourcesBuildPhase section */
		88E37607284ED443000661C8 /* Resources */ = {
			isa = PBXResourcesBuildPhase;
			buildActionMask = 2147483647;
			files = (
				88E37616284ED443000661C8 /* Assets.xcassets in Resources */,
				88CD0CCD284F9C0B008E9052 /* landmarkData.json in Resources */,
			);
			runOnlyForDeploymentPostprocessing = 0;
		};
		88E3760D284ED443000661C8 /* Resources */ = {
			isa = PBXResourcesBuildPhase;
			buildActionMask = 2147483647;
			files = (
				88E37617284ED443000661C8 /* Assets.xcassets in Resources */,
			);
			runOnlyForDeploymentPostprocessing = 0;
		};
/* End PBXResourcesBuildPhase section */

/* Begin PBXSourcesBuildPhase section */
		88E37605284ED443000661C8 /* Sources */ = {
			isa = PBXSourcesBuildPhase;
			buildActionMask = 2147483647;
			files = (
				88E37614284ED443000661C8 /* ContentView.swift in Sources */,
				88DCE6AD28541E330046EB28 /* Badge.swift in Sources */,
				88CD0CCA284F9480008E9052 /* MapView.swift in Sources */,
				88E37612284ED443000661C8 /* LandmarksApp.swift in Sources */,
				88D3319428517A11006F3BC6 /* FavoriteButton.swift in Sources */,
				884181592852D94C00FF1CD7 /* HexagonParameters.swift in Sources */,
				88DCE6AA28541C570046EB28 /* RotatedBadgeSymbol.swift in Sources */,
				88DCE6A728541AF10046EB28 /* BadgeSymbol.swift in Sources */,
				88CD0CD8284FA4E1008E9052 /* LandmarkList.swift in Sources */,
				88CD0CDA284FA79C008E9052 /* LandmarkDetail.swift in Sources */,
				8841815C2852DBE400FF1CD7 /* BadgeBackground.swift in Sources */,
				88E37621284ED8FB000661C8 /* CircleImage.swift in Sources */,
				88CD0CCF284F9C32008E9052 /* Landmark.swift in Sources */,
				88CD0CD6284FA159008E9052 /* LandmarkRow.swift in Sources */,
				88CD0CD1284F9F84008E9052 /* ModelData.swift in Sources */,
			);
			runOnlyForDeploymentPostprocessing = 0;
		};
		88E3760B284ED443000661C8 /* Sources */ = {
			isa = PBXSourcesBuildPhase;
			buildActionMask = 2147483647;
			files = (
				88DCE6A828541AF10046EB28 /* BadgeSymbol.swift in Sources */,
				8841815A2852D94C00FF1CD7 /* HexagonParameters.swift in Sources */,
				8841815D2852DBE400FF1CD7 /* BadgeBackground.swift in Sources */,
				88E37615284ED443000661C8 /* ContentView.swift in Sources */,
				88CD0CCB284F9480008E9052 /* MapView.swift in Sources */,
				88E37613284ED443000661C8 /* LandmarksApp.swift in Sources */,
				88E37622284ED8FB000661C8 /* CircleImage.swift in Sources */,
				88DCE6AE28541E330046EB28 /* Badge.swift in Sources */,
				88DCE6AB28541C570046EB28 /* RotatedBadgeSymbol.swift in Sources */,
			);
			runOnlyForDeploymentPostprocessing = 0;
		};
/* End PBXSourcesBuildPhase section */

/* Begin XCBuildConfiguration section */
		88E37618284ED443000661C8 /* Debug */ = {
			isa = XCBuildConfiguration;
			buildSettings = {
				ALWAYS_SEARCH_USER_PATHS = NO;
				CLANG_ANALYZER_NONNULL = YES;
				CLANG_ANALYZER_NUMBER_OBJECT_CONVERSION = YES_AGGRESSIVE;
				CLANG_CXX_LANGUAGE_STANDARD = "gnu++17";
				CLANG_ENABLE_MODULES = YES;
				CLANG_ENABLE_OBJC_ARC = YES;
				CLANG_ENABLE_OBJC_WEAK = YES;
				CLANG_WARN_BLOCK_CAPTURE_AUTORELEASING = YES;
				CLANG_WARN_BOOL_CONVERSION = YES;
				CLANG_WARN_COMMA = YES;
				CLANG_WARN_CONSTANT_CONVERSION = YES;
				CLANG_WARN_DEPRECATED_OBJC_IMPLEMENTATIONS = YES;
				CLANG_WARN_DIRECT_OBJC_ISA_USAGE = YES_ERROR;
				CLANG_WARN_DOCUMENTATION_COMMENTS = YES;
				CLANG_WARN_EMPTY_BODY = YES;
				CLANG_WARN_ENUM_CONVERSION = YES;
				CLANG_WARN_INFINITE_RECURSION = YES;
				CLANG_WARN_INT_CONVERSION = YES;
				CLANG_WARN_NON_LITERAL_NULL_CONVERSION = YES;
				CLANG_WARN_OBJC_IMPLICIT_RETAIN_SELF = YES;
				CLANG_WARN_OBJC_LITERAL_CONVERSION = YES;
				CLANG_WARN_OBJC_ROOT_CLASS = YES_ERROR;
				CLANG_WARN_QUOTED_INCLUDE_IN_FRAMEWORK_HEADER = YES;
				CLANG_WARN_RANGE_LOOP_ANALYSIS = YES;
				CLANG_WARN_STRICT_PROTOTYPES = YES;
				CLANG_WARN_SUSPICIOUS_MOVE = YES;
				CLANG_WARN_UNGUARDED_AVAILABILITY = YES_AGGRESSIVE;
				CLANG_WARN_UNREACHABLE_CODE = YES;
				CLANG_WARN__DUPLICATE_METHOD_MATCH = YES;
				COPY_PHASE_STRIP = NO;
				DEBUG_INFORMATION_FORMAT = dwarf;
				ENABLE_STRICT_OBJC_MSGSEND = YES;
				ENABLE_TESTABILITY = YES;
				GCC_C_LANGUAGE_STANDARD = gnu11;
				GCC_DYNAMIC_NO_PIC = NO;
				GCC_NO_COMMON_BLOCKS = YES;
				GCC_OPTIMIZATION_LEVEL = 0;
				GCC_PREPROCESSOR_DEFINITIONS = (
					"DEBUG=1",
					"$(inherited)",
				);
				GCC_WARN_64_TO_32_BIT_CONVERSION = YES;
				GCC_WARN_ABOUT_RETURN_TYPE = YES_ERROR;
				GCC_WARN_UNDECLARED_SELECTOR = YES;
				GCC_WARN_UNINITIALIZED_AUTOS = YES_AGGRESSIVE;
				GCC_WARN_UNUSED_FUNCTION = YES;
				GCC_WARN_UNUSED_VARIABLE = YES;
				MTL_ENABLE_DEBUG_INFO = INCLUDE_SOURCE;
				MTL_FAST_MATH = YES;
				ONLY_ACTIVE_ARCH = YES;
				SWIFT_ACTIVE_COMPILATION_CONDITIONS = DEBUG;
				SWIFT_OPTIMIZATION_LEVEL = "-Onone";
			};
			name = Debug;
		};
		88E37619284ED443000661C8 /* Release */ = {
			isa = XCBuildConfiguration;
			buildSettings = {
				ALWAYS_SEARCH_USER_PATHS = NO;
				CLANG_ANALYZER_NONNULL = YES;
				CLANG_ANALYZER_NUMBER_OBJECT_CONVERSION = YES_AGGRESSIVE;
				CLANG_CXX_LANGUAGE_STANDARD = "gnu++17";
				CLANG_ENABLE_MODULES = YES;
				CLANG_ENABLE_OBJC_ARC = YES;
				CLANG_ENABLE_OBJC_WEAK = YES;
				CLANG_WARN_BLOCK_CAPTURE_AUTORELEASING = YES;
				CLANG_WARN_BOOL_CONVERSION = YES;
				CLANG_WARN_COMMA = YES;
				CLANG_WARN_CONSTANT_CONVERSION = YES;
				CLANG_WARN_DEPRECATED_OBJC_IMPLEMENTATIONS = YES;
				CLANG_WARN_DIRECT_OBJC_ISA_USAGE = YES_ERROR;
				CLANG_WARN_DOCUMENTATION_COMMENTS = YES;
				CLANG_WARN_EMPTY_BODY = YES;
				CLANG_WARN_ENUM_CONVERSION = YES;
				CLANG_WARN_INFINITE_RECURSION = YES;
				CLANG_WARN_INT_CONVERSION = YES;
				CLANG_WARN_NON_LITERAL_NULL_CONVERSION = YES;
				CLANG_WARN_OBJC_IMPLICIT_RETAIN_SELF = YES;
				CLANG_WARN_OBJC_LITERAL_CONVERSION = YES;
				CLANG_WARN_OBJC_ROOT_CLASS = YES_ERROR;
				CLANG_WARN_QUOTED_INCLUDE_IN_FRAMEWORK_HEADER = YES;
				CLANG_WARN_RANGE_LOOP_ANALYSIS = YES;
				CLANG_WARN_STRICT_PROTOTYPES = YES;
				CLANG_WARN_SUSPICIOUS_MOVE = YES;
				CLANG_WARN_UNGUARDED_AVAILABILITY = YES_AGGRESSIVE;
				CLANG_WARN_UNREACHABLE_CODE = YES;
				CLANG_WARN__DUPLICATE_METHOD_MATCH = YES;
				COPY_PHASE_STRIP = NO;
				DEBUG_INFORMATION_FORMAT = "dwarf-with-dsym";
				ENABLE_NS_ASSERTIONS = NO;
				ENABLE_STRICT_OBJC_MSGSEND = YES;
				GCC_C_LANGUAGE_STANDARD = gnu11;
				GCC_NO_COMMON_BLOCKS = YES;
				GCC_WARN_64_TO_32_BIT_CONVERSION = YES;
				GCC_WARN_ABOUT_RETURN_TYPE = YES_ERROR;
				GCC_WARN_UNDECLARED_SELECTOR = YES;
				GCC_WARN_UNINITIALIZED_AUTOS = YES_AGGRESSIVE;
				GCC_WARN_UNUSED_FUNCTION = YES;
				GCC_WARN_UNUSED_VARIABLE = YES;
				MTL_ENABLE_DEBUG_INFO = NO;
				MTL_FAST_MATH = YES;
				SWIFT_COMPILATION_MODE = wholemodule;
				SWIFT_OPTIMIZATION_LEVEL = "-O";
			};
			name = Release;
		};
		88E3761B284ED443000661C8 /* Debug */ = {
			isa = XCBuildConfiguration;
			buildSettings = {
				ASSETCATALOG_COMPILER_APPICON_NAME = AppIcon;
				ASSETCATALOG_COMPILER_GLOBAL_ACCENT_COLOR_NAME = AccentColor;
				CODE_SIGN_STYLE = Automatic;
				CURRENT_PROJECT_VERSION = 1;
				ENABLE_PREVIEWS = YES;
				GENERATE_INFOPLIST_FILE = YES;
				INFOPLIST_KEY_UIApplicationSceneManifest_Generation = YES;
				INFOPLIST_KEY_UIApplicationSupportsIndirectInputEvents = YES;
				INFOPLIST_KEY_UILaunchScreen_Generation = YES;
				INFOPLIST_KEY_UISupportedInterfaceOrientations_iPad = "UIInterfaceOrientationPortrait UIInterfaceOrientationPortraitUpsideDown UIInterfaceOrientationLandscapeLeft UIInterfaceOrientationLandscapeRight";
				INFOPLIST_KEY_UISupportedInterfaceOrientations_iPhone = "UIInterfaceOrientationPortrait UIInterfaceOrientationLandscapeLeft UIInterfaceOrientationLandscapeRight";
				IPHONEOS_DEPLOYMENT_TARGET = 15.5;
				LD_RUNPATH_SEARCH_PATHS = (
					"$(inherited)",
					"@executable_path/Frameworks",
				);
				MARKETING_VERSION = 1.0;
				PRODUCT_BUNDLE_IDENTIFIER = com.example.Landmarks;
				PRODUCT_NAME = Landmarks;
				SDKROOT = iphoneos;
				SWIFT_EMIT_LOC_STRINGS = YES;
				SWIFT_VERSION = 5.0;
				TARGETED_DEVICE_FAMILY = "1,2";
			};
			name = Debug;
		};
		88E3761C284ED443000661C8 /* Release */ = {
			isa = XCBuildConfiguration;
			buildSettings = {
				ASSETCATALOG_COMPILER_APPICON_NAME = AppIcon;
				ASSETCATALOG_COMPILER_GLOBAL_ACCENT_COLOR_NAME = AccentColor;
				CODE_SIGN_STYLE = Automatic;
				CURRENT_PROJECT_VERSION = 1;
				ENABLE_PREVIEWS = YES;
				GENERATE_INFOPLIST_FILE = YES;
				INFOPLIST_KEY_UIApplicationSceneManifest_Generation = YES;
				INFOPLIST_KEY_UIApplicationSupportsIndirectInputEvents = YES;
				INFOPLIST_KEY_UILaunchScreen_Generation = YES;
				INFOPLIST_KEY_UISupportedInterfaceOrientations_iPad = "UIInterfaceOrientationPortrait UIInterfaceOrientationPortraitUpsideDown UIInterfaceOrientationLandscapeLeft UIInterfaceOrientationLandscapeRight";
				INFOPLIST_KEY_UISupportedInterfaceOrientations_iPhone = "UIInterfaceOrientationPortrait UIInterfaceOrientationLandscapeLeft UIInterfaceOrientationLandscapeRight";
				IPHONEOS_DEPLOYMENT_TARGET = 15.5;
				LD_RUNPATH_SEARCH_PATHS = (
					"$(inherited)",
					"@executable_path/Frameworks",
				);
				MARKETING_VERSION = 1.0;
				PRODUCT_BUNDLE_IDENTIFIER = com.example.Landmarks;
				PRODUCT_NAME = Landmarks;
				SDKROOT = iphoneos;
				SWIFT_EMIT_LOC_STRINGS = YES;
				SWIFT_VERSION = 5.0;
				TARGETED_DEVICE_FAMILY = "1,2";
				VALIDATE_PRODUCT = YES;
			};
			name = Release;
		};
		88E3761E284ED443000661C8 /* Debug */ = {
			isa = XCBuildConfiguration;
			buildSettings = {
				ASSETCATALOG_COMPILER_APPICON_NAME = AppIcon;
				ASSETCATALOG_COMPILER_GLOBAL_ACCENT_COLOR_NAME = AccentColor;
				CODE_SIGN_ENTITLEMENTS = macOS/macOS.entitlements;
				CODE_SIGN_STYLE = Automatic;
				COMBINE_HIDPI_IMAGES = YES;
				CURRENT_PROJECT_VERSION = 1;
				ENABLE_PREVIEWS = YES;
				GENERATE_INFOPLIST_FILE = YES;
				INFOPLIST_KEY_NSHumanReadableCopyright = "";
				LD_RUNPATH_SEARCH_PATHS = (
					"$(inherited)",
					"@executable_path/../Frameworks",
				);
				MACOSX_DEPLOYMENT_TARGET = 12.3;
				MARKETING_VERSION = 1.0;
				PRODUCT_BUNDLE_IDENTIFIER = com.example.Landmarks;
				PRODUCT_NAME = Landmarks;
				SDKROOT = macosx;
				SWIFT_EMIT_LOC_STRINGS = YES;
				SWIFT_VERSION = 5.0;
			};
			name = Debug;
		};
		88E3761F284ED443000661C8 /* Release */ = {
			isa = XCBuildConfiguration;
			buildSettings = {
				ASSETCATALOG_COMPILER_APPICON_NAME = AppIcon;
				ASSETCATALOG_COMPILER_GLOBAL_ACCENT_COLOR_NAME = AccentColor;
				CODE_SIGN_ENTITLEMENTS = macOS/macOS.entitlements;
				CODE_SIGN_STYLE = Automatic;
				COMBINE_HIDPI_IMAGES = YES;
				CURRENT_PROJECT_VERSION = 1;
				ENABLE_PREVIEWS = YES;
				GENERATE_INFOPLIST_FILE = YES;
				INFOPLIST_KEY_NSHumanReadableCopyright = "";
				LD_RUNPATH_SEARCH_PATHS = (
					"$(inherited)",
					"@executable_path/../Frameworks",
				);
				MACOSX_DEPLOYMENT_TARGET = 12.3;
				MARKETING_VERSION = 1.0;
				PRODUCT_BUNDLE_IDENTIFIER = com.example.Landmarks;
				PRODUCT_NAME = Landmarks;
				SDKROOT = macosx;
				SWIFT_EMIT_LOC_STRINGS = YES;
				SWIFT_VERSION = 5.0;
			};
			name = Release;
		};
/* End XCBuildConfiguration section */

/* Begin XCConfigurationList section */
		88E37600284ED441000661C8 /* Build configuration list for PBXProject "Landmarks" */ = {
			isa = XCConfigurationList;
			buildConfigurations = (
				88E37618284ED443000661C8 /* Debug */,
				88E37619284ED443000661C8 /* Release */,
			);
			defaultConfigurationIsVisible = 0;
			defaultConfigurationName = Release;
		};
		88E3761A284ED443000661C8 /* Build configuration list for PBXNativeTarget "Landmarks (iOS)" */ = {
			isa = XCConfigurationList;
			buildConfigurations = (
				88E3761B284ED443000661C8 /* Debug */,
				88E3761C284ED443000661C8 /* Release */,
			);
			defaultConfigurationIsVisible = 0;
			defaultConfigurationName = Release;
		};
		88E3761D284ED443000661C8 /* Build configuration list for PBXNativeTarget "Landmarks (macOS)" */ = {
			isa = XCConfigurationList;
			buildConfigurations = (
				88E3761E284ED443000661C8 /* Debug */,
				88E3761F284ED443000661C8 /* Release */,
			);
			defaultConfigurationIsVisible = 0;
			defaultConfigurationName = Release;
		};
/* End XCConfigurationList section */
	};
	rootObject = 88E375FD284ED441000661C8 /* Project object */;
}
